// !$*UTF8*$!
{
	archiveVersion = 1;
	classes = {
	};
	objectVersion = 50;
	objects = {

/* Begin PBXBuildFile section */
		7F0B390920FD7C920075E534 /* UEComm.framework in Frameworks */ = {isa = PBXBuildFile; fileRef = 7F0B390720FD7C670075E534 /* UEComm.framework */; };
		7F0B390A20FD7C920075E534 /* UEComm.framework in Embed Frameworks */ = {isa = PBXBuildFile; fileRef = 7F0B390720FD7C670075E534 /* UEComm.framework */; settings = {ATTRIBUTES = (CodeSignOnCopy, RemoveHeadersOnCopy, ); }; };
		7F0B390D20FD7CB10075E534 /* CoreBluetooth.framework in Frameworks */ = {isa = PBXBuildFile; fileRef = 7F0B390C20FD7CB10075E534 /* CoreBluetooth.framework */; };
		7F0B391C20FD87D00075E534 /* UEResourceManager.framework in Frameworks */ = {isa = PBXBuildFile; fileRef = 7F0B391B20FD87D00075E534 /* UEResourceManager.framework */; };
		7F0B391D20FD87D00075E534 /* UEResourceManager.framework in Embed Frameworks */ = {isa = PBXBuildFile; fileRef = 7F0B391B20FD87D00075E534 /* UEResourceManager.framework */; settings = {ATTRIBUTES = (CodeSignOnCopy, RemoveHeadersOnCopy, ); }; };
		7F13D57E20FD781100B7A226 /* AVFoundation.framework in Frameworks */ = {isa = PBXBuildFile; fileRef = 7F13D57D20FD781100B7A226 /* AVFoundation.framework */; };
		7F13D58020FD781500B7A226 /* AVKit.framework in Frameworks */ = {isa = PBXBuildFile; fileRef = 7F13D57F20FD781500B7A226 /* AVKit.framework */; };
		7F87AFD320FEB1AC000C5E27 /* SpeakerManager.swift in Sources */ = {isa = PBXBuildFile; fileRef = 7F87AFD220FEB1AC000C5E27 /* SpeakerManager.swift */; };
		7F87AFD620FEB3C6000C5E27 /* Speaker.swift in Sources */ = {isa = PBXBuildFile; fileRef = 7F87AFD520FEB3C6000C5E27 /* Speaker.swift */; };
		7F87AFDA20FEB402000C5E27 /* SpeakerModel.swift in Sources */ = {isa = PBXBuildFile; fileRef = 7F87AFD920FEB402000C5E27 /* SpeakerModel.swift */; };
		7F87AFDC20FEB503000C5E27 /* SpeakerStatus.swift in Sources */ = {isa = PBXBuildFile; fileRef = 7F87AFDB20FEB503000C5E27 /* SpeakerStatus.swift */; };
		7FAC8A4D20E6A5CE0092DD1A /* AppDelegate.swift in Sources */ = {isa = PBXBuildFile; fileRef = 7FAC8A4C20E6A5CE0092DD1A /* AppDelegate.swift */; };
		7FAC8A4F20E6A5CE0092DD1A /* ViewController.swift in Sources */ = {isa = PBXBuildFile; fileRef = 7FAC8A4E20E6A5CE0092DD1A /* ViewController.swift */; };
		7FAC8A5220E6A5CE0092DD1A /* Main.storyboard in Resources */ = {isa = PBXBuildFile; fileRef = 7FAC8A5020E6A5CE0092DD1A /* Main.storyboard */; };
		7FAC8A5420E6A5D00092DD1A /* Assets.xcassets in Resources */ = {isa = PBXBuildFile; fileRef = 7FAC8A5320E6A5D00092DD1A /* Assets.xcassets */; };
		7FAC8A5720E6A5D00092DD1A /* LaunchScreen.storyboard in Resources */ = {isa = PBXBuildFile; fileRef = 7FAC8A5520E6A5D00092DD1A /* LaunchScreen.storyboard */; };
		7FEA241D20FD77810016CE43 /* ExternalAccessory.framework in Frameworks */ = {isa = PBXBuildFile; fileRef = 7FEA241C20FD77810016CE43 /* ExternalAccessory.framework */; };
/* End PBXBuildFile section */

/* Begin PBXContainerItemProxy section */
		7F13D58520FD783400B7A226 /* PBXContainerItemProxy */ = {
			isa = PBXContainerItemProxy;
			containerPortal = 7F13D58120FD783400B7A226 /* UEComm.xcodeproj */;
			proxyType = 2;
			remoteGlobalIDString = A2E9D34F1679178F009DD481;
			remoteInfo = UEComm;
		};
/* End PBXContainerItemProxy section */

/* Begin PBXCopyFilesBuildPhase section */
		7F0B390B20FD7C920075E534 /* Embed Frameworks */ = {
			isa = PBXCopyFilesBuildPhase;
			buildActionMask = 2147483647;
			dstPath = "";
			dstSubfolderSpec = 10;
			files = (
				7F0B391D20FD87D00075E534 /* UEResourceManager.framework in Embed Frameworks */,
				7F0B390A20FD7C920075E534 /* UEComm.framework in Embed Frameworks */,
			);
			name = "Embed Frameworks";
			runOnlyForDeploymentPostprocessing = 0;
		};
/* End PBXCopyFilesBuildPhase section */

/* Begin PBXFileReference section */
		7F0B390320FD7C5E0075E534 /* UEComm.framework */ = {isa = PBXFileReference; explicitFileType = wrapper.framework; path = UEComm.framework; sourceTree = BUILT_PRODUCTS_DIR; };
		7F0B390720FD7C670075E534 /* UEComm.framework */ = {isa = PBXFileReference; explicitFileType = wrapper.framework; path = UEComm.framework; sourceTree = BUILT_PRODUCTS_DIR; };
		7F0B390C20FD7CB10075E534 /* CoreBluetooth.framework */ = {isa = PBXFileReference; lastKnownFileType = wrapper.framework; name = CoreBluetooth.framework; path = System/Library/Frameworks/CoreBluetooth.framework; sourceTree = SDKROOT; };
		7F0B391B20FD87D00075E534 /* UEResourceManager.framework */ = {isa = PBXFileReference; explicitFileType = wrapper.framework; path = UEResourceManager.framework; sourceTree = BUILT_PRODUCTS_DIR; };
		7F13D57D20FD781100B7A226 /* AVFoundation.framework */ = {isa = PBXFileReference; lastKnownFileType = wrapper.framework; name = AVFoundation.framework; path = System/Library/Frameworks/AVFoundation.framework; sourceTree = SDKROOT; };
		7F13D57F20FD781500B7A226 /* AVKit.framework */ = {isa = PBXFileReference; lastKnownFileType = wrapper.framework; name = AVKit.framework; path = System/Library/Frameworks/AVKit.framework; sourceTree = SDKROOT; };
		7F13D58120FD783400B7A226 /* UEComm.xcodeproj */ = {isa = PBXFileReference; lastKnownFileType = "wrapper.pb-project"; name = UEComm.xcodeproj; path = "mbg-BTCenturion-ios/UEComm/UEComm.xcodeproj"; sourceTree = "<group>"; };
		7F87AFD220FEB1AC000C5E27 /* SpeakerManager.swift */ = {isa = PBXFileReference; lastKnownFileType = sourcecode.swift; path = SpeakerManager.swift; sourceTree = "<group>"; };
		7F87AFD520FEB3C6000C5E27 /* Speaker.swift */ = {isa = PBXFileReference; lastKnownFileType = sourcecode.swift; path = Speaker.swift; sourceTree = "<group>"; };
		7F87AFD920FEB402000C5E27 /* SpeakerModel.swift */ = {isa = PBXFileReference; lastKnownFileType = sourcecode.swift; path = SpeakerModel.swift; sourceTree = "<group>"; };
		7F87AFDB20FEB503000C5E27 /* SpeakerStatus.swift */ = {isa = PBXFileReference; lastKnownFileType = sourcecode.swift; path = SpeakerStatus.swift; sourceTree = "<group>"; };
		7F87AFDE20FEBBE0000C5E27 /* spotifySpike-Bridging-Header.h */ = {isa = PBXFileReference; lastKnownFileType = sourcecode.c.h; path = "spotifySpike-Bridging-Header.h"; sourceTree = "<group>"; };
		7FAC8A4920E6A5CE0092DD1A /* spotifySpike.app */ = {isa = PBXFileReference; explicitFileType = wrapper.application; includeInIndex = 0; path = spotifySpike.app; sourceTree = BUILT_PRODUCTS_DIR; };
		7FAC8A4C20E6A5CE0092DD1A /* AppDelegate.swift */ = {isa = PBXFileReference; lastKnownFileType = sourcecode.swift; path = AppDelegate.swift; sourceTree = "<group>"; };
		7FAC8A4E20E6A5CE0092DD1A /* ViewController.swift */ = {isa = PBXFileReference; lastKnownFileType = sourcecode.swift; path = ViewController.swift; sourceTree = "<group>"; };
		7FAC8A5120E6A5CE0092DD1A /* Base */ = {isa = PBXFileReference; lastKnownFileType = file.storyboard; name = Base; path = Base.lproj/Main.storyboard; sourceTree = "<group>"; };
		7FAC8A5320E6A5D00092DD1A /* Assets.xcassets */ = {isa = PBXFileReference; lastKnownFileType = folder.assetcatalog; path = Assets.xcassets; sourceTree = "<group>"; };
		7FAC8A5620E6A5D00092DD1A /* Base */ = {isa = PBXFileReference; lastKnownFileType = file.storyboard; name = Base; path = Base.lproj/LaunchScreen.storyboard; sourceTree = "<group>"; };
		7FAC8A5820E6A5D00092DD1A /* Info.plist */ = {isa = PBXFileReference; lastKnownFileType = text.plist.xml; path = Info.plist; sourceTree = "<group>"; };
		7FEA241C20FD77810016CE43 /* ExternalAccessory.framework */ = {isa = PBXFileReference; lastKnownFileType = wrapper.framework; name = ExternalAccessory.framework; path = System/Library/Frameworks/ExternalAccessory.framework; sourceTree = SDKROOT; };
		7FEA241E20FD77810016CE43 /* spotifySpike.entitlements */ = {isa = PBXFileReference; lastKnownFileType = text.plist.entitlements; path = spotifySpike.entitlements; sourceTree = "<group>"; };
/* End PBXFileReference section */

/* Begin PBXFrameworksBuildPhase section */
		7FAC8A4620E6A5CE0092DD1A /* Frameworks */ = {
			isa = PBXFrameworksBuildPhase;
			buildActionMask = 2147483647;
			files = (
				7F0B390D20FD7CB10075E534 /* CoreBluetooth.framework in Frameworks */,
				7F0B390920FD7C920075E534 /* UEComm.framework in Frameworks */,
				7F0B391C20FD87D00075E534 /* UEResourceManager.framework in Frameworks */,
				7F13D58020FD781500B7A226 /* AVKit.framework in Frameworks */,
				7F13D57E20FD781100B7A226 /* AVFoundation.framework in Frameworks */,
				7FEA241D20FD77810016CE43 /* ExternalAccessory.framework in Frameworks */,
			);
			runOnlyForDeploymentPostprocessing = 0;
		};
/* End PBXFrameworksBuildPhase section */

/* Begin PBXGroup section */
		7F0B391E20FD88E60075E534 /* Managers */ = {
			isa = PBXGroup;
			children = (
				7F87AFD220FEB1AC000C5E27 /* SpeakerManager.swift */,
			);
			path = Managers;
			sourceTree = "<group>";
		};
		7F13D58220FD783400B7A226 /* Products */ = {
			isa = PBXGroup;
			children = (
				7F13D58620FD783400B7A226 /* libUEComm.a */,
			);
			name = Products;
			sourceTree = "<group>";
		};
		7F87AFD420FEB3B4000C5E27 /* Models */ = {
			isa = PBXGroup;
			children = (
				7F87AFD520FEB3C6000C5E27 /* Speaker.swift */,
				7F87AFD920FEB402000C5E27 /* SpeakerModel.swift */,
				7F87AFDB20FEB503000C5E27 /* SpeakerStatus.swift */,
			);
			path = Models;
			sourceTree = "<group>";
		};
		7F87AFDD20FEB8F3000C5E27 /* Utilities */ = {
			isa = PBXGroup;
			children = (
				7F87AFDE20FEBBE0000C5E27 /* spotifySpike-Bridging-Header.h */,
			);
			path = Utilities;
			sourceTree = "<group>";
		};
		7FAC8A4020E6A5CE0092DD1A = {
			isa = PBXGroup;
			children = (
				7F0B391B20FD87D00075E534 /* UEResourceManager.framework */,
				7F0B390320FD7C5E0075E534 /* UEComm.framework */,
				7FAC8A4B20E6A5CE0092DD1A /* spotifySpike */,
				7FAC8A4A20E6A5CE0092DD1A /* Products */,
				7FEA241B20FD77810016CE43 /* Frameworks */,
			);
			sourceTree = "<group>";
		};
		7FAC8A4A20E6A5CE0092DD1A /* Products */ = {
			isa = PBXGroup;
			children = (
				7FAC8A4920E6A5CE0092DD1A /* spotifySpike.app */,
			);
			name = Products;
			sourceTree = "<group>";
		};
		7FAC8A4B20E6A5CE0092DD1A /* spotifySpike */ = {
			isa = PBXGroup;
			children = (
				7F87AFDD20FEB8F3000C5E27 /* Utilities */,
				7F87AFD420FEB3B4000C5E27 /* Models */,
				7F0B391E20FD88E60075E534 /* Managers */,
				7FEA241E20FD77810016CE43 /* spotifySpike.entitlements */,
				7FAC8A4C20E6A5CE0092DD1A /* AppDelegate.swift */,
				7FAC8A4E20E6A5CE0092DD1A /* ViewController.swift */,
				7FAC8A5020E6A5CE0092DD1A /* Main.storyboard */,
				7FAC8A5320E6A5D00092DD1A /* Assets.xcassets */,
				7FAC8A5520E6A5D00092DD1A /* LaunchScreen.storyboard */,
				7FAC8A5820E6A5D00092DD1A /* Info.plist */,
			);
			path = spotifySpike;
			sourceTree = "<group>";
		};
		7FEA241B20FD77810016CE43 /* Frameworks */ = {
			isa = PBXGroup;
			children = (
				7F0B390C20FD7CB10075E534 /* CoreBluetooth.framework */,
				7F0B390720FD7C670075E534 /* UEComm.framework */,
				7F13D58120FD783400B7A226 /* UEComm.xcodeproj */,
				7F13D57F20FD781500B7A226 /* AVKit.framework */,
				7F13D57D20FD781100B7A226 /* AVFoundation.framework */,
				7FEA241C20FD77810016CE43 /* ExternalAccessory.framework */,
			);
			name = Frameworks;
			sourceTree = "<group>";
		};
/* End PBXGroup section */

/* Begin PBXNativeTarget section */
		7FAC8A4820E6A5CE0092DD1A /* spotifySpike */ = {
			isa = PBXNativeTarget;
			buildConfigurationList = 7FAC8A5B20E6A5D00092DD1A /* Build configuration list for PBXNativeTarget "spotifySpike" */;
			buildPhases = (
				7FAC8A4520E6A5CE0092DD1A /* Sources */,
				7FAC8A4620E6A5CE0092DD1A /* Frameworks */,
				7FAC8A4720E6A5CE0092DD1A /* Resources */,
				7F0B390B20FD7C920075E534 /* Embed Frameworks */,
			);
			buildRules = (
			);
			dependencies = (
			);
			name = spotifySpike;
			productName = spotifySpike;
			productReference = 7FAC8A4920E6A5CE0092DD1A /* spotifySpike.app */;
			productType = "com.apple.product-type.application";
		};
/* End PBXNativeTarget section */

/* Begin PBXProject section */
		7FAC8A4120E6A5CE0092DD1A /* Project object */ = {
			isa = PBXProject;
			attributes = {
				LastSwiftUpdateCheck = 0940;
				LastUpgradeCheck = 0940;
				ORGANIZATIONNAME = "Nithin Gaddam";
				TargetAttributes = {
					7FAC8A4820E6A5CE0092DD1A = {
						CreatedOnToolsVersion = 9.4;
						SystemCapabilities = {
							com.apple.BackgroundModes = {
								enabled = 1;
							};
							com.apple.WAC = {
								enabled = 1;
							};
						};
					};
				};
			};
			buildConfigurationList = 7FAC8A4420E6A5CE0092DD1A /* Build configuration list for PBXProject "spotifySpike" */;
			compatibilityVersion = "Xcode 9.3";
			developmentRegion = en;
			hasScannedForEncodings = 0;
			knownRegions = (
				en,
				Base,
			);
			mainGroup = 7FAC8A4020E6A5CE0092DD1A;
			productRefGroup = 7FAC8A4A20E6A5CE0092DD1A /* Products */;
			projectDirPath = "";
			projectReferences = (
				{
					ProductGroup = 7F13D58220FD783400B7A226 /* Products */;
					ProjectRef = 7F13D58120FD783400B7A226 /* UEComm.xcodeproj */;
				},
			);
			projectRoot = "";
			targets = (
				7FAC8A4820E6A5CE0092DD1A /* spotifySpike */,
			);
		};
/* End PBXProject section */

/* Begin PBXReferenceProxy section */
		7F13D58620FD783400B7A226 /* libUEComm.a */ = {
			isa = PBXReferenceProxy;
			fileType = archive.ar;
			path = libUEComm.a;
			remoteRef = 7F13D58520FD783400B7A226 /* PBXContainerItemProxy */;
			sourceTree = BUILT_PRODUCTS_DIR;
		};
/* End PBXReferenceProxy section */

/* Begin PBXResourcesBuildPhase section */
		7FAC8A4720E6A5CE0092DD1A /* Resources */ = {
			isa = PBXResourcesBuildPhase;
			buildActionMask = 2147483647;
			files = (
				7FAC8A5720E6A5D00092DD1A /* LaunchScreen.storyboard in Resources */,
				7FAC8A5420E6A5D00092DD1A /* Assets.xcassets in Resources */,
				7FAC8A5220E6A5CE0092DD1A /* Main.storyboard in Resources */,
			);
			runOnlyForDeploymentPostprocessing = 0;
		};
/* End PBXResourcesBuildPhase section */

/* Begin PBXSourcesBuildPhase section */
		7FAC8A4520E6A5CE0092DD1A /* Sources */ = {
			isa = PBXSourcesBuildPhase;
			buildActionMask = 2147483647;
			files = (
				7FAC8A4F20E6A5CE0092DD1A /* ViewController.swift in Sources */,
				7FAC8A4D20E6A5CE0092DD1A /* AppDelegate.swift in Sources */,
				7F87AFDA20FEB402000C5E27 /* SpeakerModel.swift in Sources */,
				7F87AFDC20FEB503000C5E27 /* SpeakerStatus.swift in Sources */,
				7F87AFD320FEB1AC000C5E27 /* SpeakerManager.swift in Sources */,
				7F87AFD620FEB3C6000C5E27 /* Speaker.swift in Sources */,
			);
			runOnlyForDeploymentPostprocessing = 0;
		};
/* End PBXSourcesBuildPhase section */

/* Begin PBXVariantGroup section */
		7FAC8A5020E6A5CE0092DD1A /* Main.storyboard */ = {
			isa = PBXVariantGroup;
			children = (
				7FAC8A5120E6A5CE0092DD1A /* Base */,
			);
			name = Main.storyboard;
			sourceTree = "<group>";
		};
		7FAC8A5520E6A5D00092DD1A /* LaunchScreen.storyboard */ = {
			isa = PBXVariantGroup;
			children = (
				7FAC8A5620E6A5D00092DD1A /* Base */,
			);
			name = LaunchScreen.storyboard;
			sourceTree = "<group>";
		};
/* End PBXVariantGroup section */

/* Begin XCBuildConfiguration section */
		7FAC8A5920E6A5D00092DD1A /* Debug */ = {
			isa = XCBuildConfiguration;
			buildSettings = {
				ALWAYS_SEARCH_USER_PATHS = NO;
				CLANG_ANALYZER_NONNULL = YES;
				CLANG_ANALYZER_NUMBER_OBJECT_CONVERSION = YES_AGGRESSIVE;
				CLANG_CXX_LANGUAGE_STANDARD = "gnu++14";
				CLANG_CXX_LIBRARY = "libc++";
				CLANG_ENABLE_MODULES = YES;
				CLANG_ENABLE_OBJC_ARC = YES;
				CLANG_ENABLE_OBJC_WEAK = YES;
				CLANG_WARN_BLOCK_CAPTURE_AUTORELEASING = YES;
				CLANG_WARN_BOOL_CONVERSION = YES;
				CLANG_WARN_COMMA = YES;
				CLANG_WARN_CONSTANT_CONVERSION = YES;
				CLANG_WARN_DEPRECATED_OBJC_IMPLEMENTATIONS = YES;
				CLANG_WARN_DIRECT_OBJC_ISA_USAGE = YES_ERROR;
				CLANG_WARN_DOCUMENTATION_COMMENTS = YES;
				CLANG_WARN_EMPTY_BODY = YES;
				CLANG_WARN_ENUM_CONVERSION = YES;
				CLANG_WARN_INFINITE_RECURSION = YES;
				CLANG_WARN_INT_CONVERSION = YES;
				CLANG_WARN_NON_LITERAL_NULL_CONVERSION = YES;
				CLANG_WARN_OBJC_IMPLICIT_RETAIN_SELF = YES;
				CLANG_WARN_OBJC_LITERAL_CONVERSION = YES;
				CLANG_WARN_OBJC_ROOT_CLASS = YES_ERROR;
				CLANG_WARN_RANGE_LOOP_ANALYSIS = YES;
				CLANG_WARN_STRICT_PROTOTYPES = YES;
				CLANG_WARN_SUSPICIOUS_MOVE = YES;
				CLANG_WARN_UNGUARDED_AVAILABILITY = YES_AGGRESSIVE;
				CLANG_WARN_UNREACHABLE_CODE = YES;
				CLANG_WARN__DUPLICATE_METHOD_MATCH = YES;
				CODE_SIGN_IDENTITY = "iPhone Developer";
				COPY_PHASE_STRIP = NO;
				DEBUG_INFORMATION_FORMAT = dwarf;
				ENABLE_STRICT_OBJC_MSGSEND = YES;
				ENABLE_TESTABILITY = YES;
				GCC_C_LANGUAGE_STANDARD = gnu11;
				GCC_DYNAMIC_NO_PIC = NO;
				GCC_NO_COMMON_BLOCKS = YES;
				GCC_OPTIMIZATION_LEVEL = 0;
				GCC_PREPROCESSOR_DEFINITIONS = (
					"DEBUG=1",
					"$(inherited)",
				);
				GCC_WARN_64_TO_32_BIT_CONVERSION = YES;
				GCC_WARN_ABOUT_RETURN_TYPE = YES_ERROR;
				GCC_WARN_UNDECLARED_SELECTOR = YES;
				GCC_WARN_UNINITIALIZED_AUTOS = YES_AGGRESSIVE;
				GCC_WARN_UNUSED_FUNCTION = YES;
				GCC_WARN_UNUSED_VARIABLE = YES;
				IPHONEOS_DEPLOYMENT_TARGET = 11.4;
				MTL_ENABLE_DEBUG_INFO = YES;
				ONLY_ACTIVE_ARCH = YES;
				SDKROOT = iphoneos;
				SWIFT_ACTIVE_COMPILATION_CONDITIONS = DEBUG;
				SWIFT_OPTIMIZATION_LEVEL = "-Onone";
			};
			name = Debug;
		};
		7FAC8A5A20E6A5D00092DD1A /* Release */ = {
			isa = XCBuildConfiguration;
			buildSettings = {
				ALWAYS_SEARCH_USER_PATHS = NO;
				CLANG_ANALYZER_NONNULL = YES;
				CLANG_ANALYZER_NUMBER_OBJECT_CONVERSION = YES_AGGRESSIVE;
				CLANG_CXX_LANGUAGE_STANDARD = "gnu++14";
				CLANG_CXX_LIBRARY = "libc++";
				CLANG_ENABLE_MODULES = YES;
				CLANG_ENABLE_OBJC_ARC = YES;
				CLANG_ENABLE_OBJC_WEAK = YES;
				CLANG_WARN_BLOCK_CAPTURE_AUTORELEASING = YES;
				CLANG_WARN_BOOL_CONVERSION = YES;
				CLANG_WARN_COMMA = YES;
				CLANG_WARN_CONSTANT_CONVERSION = YES;
				CLANG_WARN_DEPRECATED_OBJC_IMPLEMENTATIONS = YES;
				CLANG_WARN_DIRECT_OBJC_ISA_USAGE = YES_ERROR;
				CLANG_WARN_DOCUMENTATION_COMMENTS = YES;
				CLANG_WARN_EMPTY_BODY = YES;
				CLANG_WARN_ENUM_CONVERSION = YES;
				CLANG_WARN_INFINITE_RECURSION = YES;
				CLANG_WARN_INT_CONVERSION = YES;
				CLANG_WARN_NON_LITERAL_NULL_CONVERSION = YES;
				CLANG_WARN_OBJC_IMPLICIT_RETAIN_SELF = YES;
				CLANG_WARN_OBJC_LITERAL_CONVERSION = YES;
				CLANG_WARN_OBJC_ROOT_CLASS = YES_ERROR;
				CLANG_WARN_RANGE_LOOP_ANALYSIS = YES;
				CLANG_WARN_STRICT_PROTOTYPES = YES;
				CLANG_WARN_SUSPICIOUS_MOVE = YES;
				CLANG_WARN_UNGUARDED_AVAILABILITY = YES_AGGRESSIVE;
				CLANG_WARN_UNREACHABLE_CODE = YES;
				CLANG_WARN__DUPLICATE_METHOD_MATCH = YES;
				CODE_SIGN_IDENTITY = "iPhone Developer";
				COPY_PHASE_STRIP = NO;
				DEBUG_INFORMATION_FORMAT = "dwarf-with-dsym";
				ENABLE_NS_ASSERTIONS = NO;
				ENABLE_STRICT_OBJC_MSGSEND = YES;
				GCC_C_LANGUAGE_STANDARD = gnu11;
				GCC_NO_COMMON_BLOCKS = YES;
				GCC_WARN_64_TO_32_BIT_CONVERSION = YES;
				GCC_WARN_ABOUT_RETURN_TYPE = YES_ERROR;
				GCC_WARN_UNDECLARED_SELECTOR = YES;
				GCC_WARN_UNINITIALIZED_AUTOS = YES_AGGRESSIVE;
				GCC_WARN_UNUSED_FUNCTION = YES;
				GCC_WARN_UNUSED_VARIABLE = YES;
				IPHONEOS_DEPLOYMENT_TARGET = 11.4;
				MTL_ENABLE_DEBUG_INFO = NO;
				SDKROOT = iphoneos;
				SWIFT_COMPILATION_MODE = wholemodule;
				SWIFT_OPTIMIZATION_LEVEL = "-O";
				VALIDATE_PRODUCT = YES;
			};
			name = Release;
		};
		7FAC8A5C20E6A5D00092DD1A /* Debug */ = {
			isa = XCBuildConfiguration;
			buildSettings = {
				ASSETCATALOG_COMPILER_APPICON_NAME = AppIcon;
				CODE_SIGN_ENTITLEMENTS = spotifySpike/spotifySpike.entitlements;
				CODE_SIGN_STYLE = Automatic;
				DEVELOPMENT_TEAM = 776EQJ8ZBM;
				INFOPLIST_FILE = spotifySpike/Info.plist;
				LD_RUNPATH_SEARCH_PATHS = (
					"$(inherited)",
					"@executable_path/Frameworks",
				);
				PRODUCT_BUNDLE_IDENTIFIER = com.logitech.ue.spotifySpike;
				PRODUCT_NAME = "$(TARGET_NAME)";
				SWIFT_OBJC_BRIDGING_HEADER = "/Users/ngaddam/Desktop/spotifySpike/spotifySpike/Utilities/spotifySpike-Bridging-Header.h";
				SWIFT_VERSION = 4.0;
				TARGETED_DEVICE_FAMILY = "1,2";
			};
			name = Debug;
		};
		7FAC8A5D20E6A5D00092DD1A /* Release */ = {
			isa = XCBuildConfiguration;
			buildSettings = {
				ASSETCATALOG_COMPILER_APPICON_NAME = AppIcon;
				CODE_SIGN_ENTITLEMENTS = spotifySpike/spotifySpike.entitlements;
				CODE_SIGN_STYLE = Automatic;
				DEVELOPMENT_TEAM = 776EQJ8ZBM;
				INFOPLIST_FILE = spotifySpike/Info.plist;
				LD_RUNPATH_SEARCH_PATHS = (
					"$(inherited)",
					"@executable_path/Frameworks",
				);
				PRODUCT_BUNDLE_IDENTIFIER = com.logitech.ue.spotifySpike;
				PRODUCT_NAME = "$(TARGET_NAME)";
				SWIFT_OBJC_BRIDGING_HEADER = "/Users/ngaddam/Desktop/spotifySpike/spotifySpike/Utilities/spotifySpike-Bridging-Header.h";
				SWIFT_VERSION = 4.0;
				TARGETED_DEVICE_FAMILY = "1,2";
			};
			name = Release;
		};
/* End XCBuildConfiguration section */

/* Begin XCConfigurationList section */
		7FAC8A4420E6A5CE0092DD1A /* Build configuration list for PBXProject "spotifySpike" */ = {
			isa = XCConfigurationList;
			buildConfigurations = (
				7FAC8A5920E6A5D00092DD1A /* Debug */,
				7FAC8A5A20E6A5D00092DD1A /* Release */,
			);
			defaultConfigurationIsVisible = 0;
			defaultConfigurationName = Release;
		};
		7FAC8A5B20E6A5D00092DD1A /* Build configuration list for PBXNativeTarget "spotifySpike" */ = {
			isa = XCConfigurationList;
			buildConfigurations = (
				7FAC8A5C20E6A5D00092DD1A /* Debug */,
				7FAC8A5D20E6A5D00092DD1A /* Release */,
			);
			defaultConfigurationIsVisible = 0;
			defaultConfigurationName = Release;
		};
/* End XCConfigurationList section */
	};
	rootObject = 7FAC8A4120E6A5CE0092DD1A /* Project object */;
}
